
Microsoft Visual Studio Solution File, Format Version 12.00
# Visual Studio Version 17
VisualStudioVersion = 17.11.35312.102
MinimumVisualStudioVersion = 10.0.40219.1
Project("{FAE04EC0-301F-11D3-BF4B-00C04F79EFBC}") = "LibraryApp", "LibraryApp\LibraryApp.csproj", "{3A4AF13D-B4DA-4129-B432-4A7748E4655B}"
EndProject
Global
	GlobalSection(SolutionConfigurationPlatforms) = preSolution
		Debug|Any CPU = Debug|Any CPU
		Release|Any CPU = Release|Any CPU
	EndGlobalSection
	GlobalSection(ProjectConfigurationPlatforms) = postSolution
		{3A4AF13D-B4DA-4129-B432-4A7748E4655B}.Debug|Any CPU.ActiveCfg = Debug|Any CPU
		{3A4AF13D-B4DA-4129-B432-4A7748E4655B}.Debug|Any CPU.Build.0 = Debug|Any CPU
		{3A4AF13D-B4DA-4129-B432-4A7748E4655B}.Release|Any CPU.ActiveCfg = Release|Any CPU
		{3A4AF13D-B4DA-4129-B432-4A7748E4655B}.Release|Any CPU.Build.0 = Release|Any CPU
	EndGlobalSection
	GlobalSection(SolutionProperties) = preSolution
		HideSolutionNode = FALSE
	EndGlobalSection
	GlobalSection(ExtensibilityGlobals) = postSolution
		SolutionGuid = {B447A2BB-4569-494C-A6F0-BD3372B64631}
	EndGlobalSection
EndGlobal
